
Microsoft Visual Studio Solution File, Format Version 12.00
# Visual Studio 14
VisualStudioVersion = 14.0.25123.0
MinimumVisualStudioVersion = 10.0.40219.1
Project("{FAE04EC0-301F-11D3-BF4B-00C04F79EFBC}") = "Repository", "Repository\Repository.csproj", "{005685F1-6E14-4A40-B35A-B14570538D80}"
EndProject
Project("{FAE04EC0-301F-11D3-BF4B-00C04F79EFBC}") = "BusinessEntities", "BusinessEntities\BusinessEntities.csproj", "{9F0E47B2-DFDB-4D07-B04F-0738710D5655}"
EndProject
Project("{FAE04EC0-301F-11D3-BF4B-00C04F79EFBC}") = "MVC", "MVC\MVC.csproj", "{C4B532F2-C638-4A92-BB1E-B2C65D4E9433}"
EndProject
Project("{2150E333-8FDC-42A3-9474-1A3956D46DE8}") = "Presentacion", "Presentacion", "{437842D2-0FB2-474C-A2A9-E12A74CB4D8C}"
EndProject
Project("{2150E333-8FDC-42A3-9474-1A3956D46DE8}") = "Database", "Database", "{FA2390DD-8A5E-46C8-9982-87E2CF5DE811}"
EndProject
Project("{2150E333-8FDC-42A3-9474-1A3956D46DE8}") = "Entities", "Entities", "{B696F004-B27B-4696-BDDC-9895B24779B7}"
EndProject
Project("{2150E333-8FDC-42A3-9474-1A3956D46DE8}") = "Logic", "Logic", "{AD31EC53-06EB-4A64-A40D-7F5A2D8138DB}"
EndProject
Project("{2150E333-8FDC-42A3-9474-1A3956D46DE8}") = "Service", "Service", "{0C78D4FC-8673-4CCB-BC95-E514C22605BA}"
EndProject
Project("{FAE04EC0-301F-11D3-BF4B-00C04F79EFBC}") = "Logic", "Logic\Logic.csproj", "{91AE622B-B8F2-4A2F-9D58-063AE5D33DC9}"
EndProject
Project("{FAE04EC0-301F-11D3-BF4B-00C04F79EFBC}") = "Service", "Service\Service.csproj", "{146BEBD1-60CC-4221-A754-86FEEE5A7711}"
EndProject
Project("{FAE04EC0-301F-11D3-BF4B-00C04F79EFBC}") = "ViewModelEntities", "ViewModelEntities\ViewModelEntities.csproj", "{8DAC89AF-871D-4C13-8B0A-36BFF087886C}"
EndProject
Global
	GlobalSection(SolutionConfigurationPlatforms) = preSolution
		Debug|Any CPU = Debug|Any CPU
		Release|Any CPU = Release|Any CPU
	EndGlobalSection
	GlobalSection(ProjectConfigurationPlatforms) = postSolution
		{005685F1-6E14-4A40-B35A-B14570538D80}.Debug|Any CPU.ActiveCfg = Debug|Any CPU
		{005685F1-6E14-4A40-B35A-B14570538D80}.Debug|Any CPU.Build.0 = Debug|Any CPU
		{005685F1-6E14-4A40-B35A-B14570538D80}.Release|Any CPU.ActiveCfg = Release|Any CPU
		{005685F1-6E14-4A40-B35A-B14570538D80}.Release|Any CPU.Build.0 = Release|Any CPU
		{9F0E47B2-DFDB-4D07-B04F-0738710D5655}.Debug|Any CPU.ActiveCfg = Debug|Any CPU
		{9F0E47B2-DFDB-4D07-B04F-0738710D5655}.Debug|Any CPU.Build.0 = Debug|Any CPU
		{9F0E47B2-DFDB-4D07-B04F-0738710D5655}.Release|Any CPU.ActiveCfg = Release|Any CPU
		{9F0E47B2-DFDB-4D07-B04F-0738710D5655}.Release|Any CPU.Build.0 = Release|Any CPU
		{C4B532F2-C638-4A92-BB1E-B2C65D4E9433}.Debug|Any CPU.ActiveCfg = Debug|Any CPU
		{C4B532F2-C638-4A92-BB1E-B2C65D4E9433}.Debug|Any CPU.Build.0 = Debug|Any CPU
		{C4B532F2-C638-4A92-BB1E-B2C65D4E9433}.Release|Any CPU.ActiveCfg = Release|Any CPU
		{C4B532F2-C638-4A92-BB1E-B2C65D4E9433}.Release|Any CPU.Build.0 = Release|Any CPU
		{91AE622B-B8F2-4A2F-9D58-063AE5D33DC9}.Debug|Any CPU.ActiveCfg = Debug|Any CPU
		{91AE622B-B8F2-4A2F-9D58-063AE5D33DC9}.Debug|Any CPU.Build.0 = Debug|Any CPU
		{91AE622B-B8F2-4A2F-9D58-063AE5D33DC9}.Release|Any CPU.ActiveCfg = Release|Any CPU
		{91AE622B-B8F2-4A2F-9D58-063AE5D33DC9}.Release|Any CPU.Build.0 = Release|Any CPU
		{146BEBD1-60CC-4221-A754-86FEEE5A7711}.Debug|Any CPU.ActiveCfg = Debug|Any CPU
		{146BEBD1-60CC-4221-A754-86FEEE5A7711}.Debug|Any CPU.Build.0 = Debug|Any CPU
		{146BEBD1-60CC-4221-A754-86FEEE5A7711}.Release|Any CPU.ActiveCfg = Release|Any CPU
		{146BEBD1-60CC-4221-A754-86FEEE5A7711}.Release|Any CPU.Build.0 = Release|Any CPU
		{8DAC89AF-871D-4C13-8B0A-36BFF087886C}.Debug|Any CPU.ActiveCfg = Debug|Any CPU
		{8DAC89AF-871D-4C13-8B0A-36BFF087886C}.Debug|Any CPU.Build.0 = Debug|Any CPU
		{8DAC89AF-871D-4C13-8B0A-36BFF087886C}.Release|Any CPU.ActiveCfg = Release|Any CPU
		{8DAC89AF-871D-4C13-8B0A-36BFF087886C}.Release|Any CPU.Build.0 = Release|Any CPU
	EndGlobalSection
	GlobalSection(SolutionProperties) = preSolution
		HideSolutionNode = FALSE
	EndGlobalSection
	GlobalSection(NestedProjects) = preSolution
		{005685F1-6E14-4A40-B35A-B14570538D80} = {FA2390DD-8A5E-46C8-9982-87E2CF5DE811}
		{9F0E47B2-DFDB-4D07-B04F-0738710D5655} = {B696F004-B27B-4696-BDDC-9895B24779B7}
		{C4B532F2-C638-4A92-BB1E-B2C65D4E9433} = {437842D2-0FB2-474C-A2A9-E12A74CB4D8C}
		{91AE622B-B8F2-4A2F-9D58-063AE5D33DC9} = {AD31EC53-06EB-4A64-A40D-7F5A2D8138DB}
		{146BEBD1-60CC-4221-A754-86FEEE5A7711} = {0C78D4FC-8673-4CCB-BC95-E514C22605BA}
		{8DAC89AF-871D-4C13-8B0A-36BFF087886C} = {0C78D4FC-8673-4CCB-BC95-E514C22605BA}
	EndGlobalSection
EndGlobal
